
Microsoft Visual Studio Solution File, Format Version 12.00
# Visual Studio 15
VisualStudioVersion = 15.0.28307.489
MinimumVisualStudioVersion = 10.0.40219.1
Project("{FAE04EC0-301F-11D3-BF4B-00C04F79EFBC}") = "DealerOnSalesTax", "DealerOnSalesTax\DealerOnSalesTax.csproj", "{5F5075E5-7551-4310-9DDA-2EF06BF6BBA4}"
EndProject
Global
	GlobalSection(SolutionConfigurationPlatforms) = preSolution
		Debug|Any CPU = Debug|Any CPU
		Release|Any CPU = Release|Any CPU
	EndGlobalSection
	GlobalSection(ProjectConfigurationPlatforms) = postSolution
		{5F5075E5-7551-4310-9DDA-2EF06BF6BBA4}.Debug|Any CPU.ActiveCfg = Debug|Any CPU
		{5F5075E5-7551-4310-9DDA-2EF06BF6BBA4}.Debug|Any CPU.Build.0 = Debug|Any CPU
		{5F5075E5-7551-4310-9DDA-2EF06BF6BBA4}.Release|Any CPU.ActiveCfg = Release|Any CPU
		{5F5075E5-7551-4310-9DDA-2EF06BF6BBA4}.Release|Any CPU.Build.0 = Release|Any CPU
	EndGlobalSection
	GlobalSection(SolutionProperties) = preSolution
		HideSolutionNode = FALSE
	EndGlobalSection
	GlobalSection(ExtensibilityGlobals) = postSolution
		SolutionGuid = {687C1C04-EEC0-476A-99F2-2A76D64852DF}
	EndGlobalSection
EndGlobal
